
Microsoft Visual Studio Solution File, Format Version 12.00
# Visual Studio Version 16
VisualStudioVersion = 16.0.31613.86
MinimumVisualStudioVersion = 10.0.40219.1
Project("{8BC9CEB8-8B4A-11D0-8D11-00A0C91BC942}") = "Inheritance", "Inheritance.vcxproj", "{5CC21EC4-CFDF-4673-A9E5-56BA60F3D67A}"
EndProject
Global
	GlobalSection(SolutionConfigurationPlatforms) = preSolution
		Debug|x64 = Debug|x64
		Debug|x86 = Debug|x86
		Release|x64 = Release|x64
		Release|x86 = Release|x86
	EndGlobalSection
	GlobalSection(ProjectConfigurationPlatforms) = postSolution
		{5CC21EC4-CFDF-4673-A9E5-56BA60F3D67A}.Debug|x64.ActiveCfg = Debug|x64
		{5CC21EC4-CFDF-4673-A9E5-56BA60F3D67A}.Debug|x64.Build.0 = Debug|x64
		{5CC21EC4-CFDF-4673-A9E5-56BA60F3D67A}.Debug|x86.ActiveCfg = Debug|Win32
		{5CC21EC4-CFDF-4673-A9E5-56BA60F3D67A}.Debug|x86.Build.0 = Debug|Win32
		{5CC21EC4-CFDF-4673-A9E5-56BA60F3D67A}.Release|x64.ActiveCfg = Release|x64
		{5CC21EC4-CFDF-4673-A9E5-56BA60F3D67A}.Release|x64.Build.0 = Release|x64
		{5CC21EC4-CFDF-4673-A9E5-56BA60F3D67A}.Release|x86.ActiveCfg = Release|Win32
		{5CC21EC4-CFDF-4673-A9E5-56BA60F3D67A}.Release|x86.Build.0 = Release|Win32
	EndGlobalSection
	GlobalSection(SolutionProperties) = preSolution
		HideSolutionNode = FALSE
	EndGlobalSection
	GlobalSection(ExtensibilityGlobals) = postSolution
		SolutionGuid = {7C37B8E7-5350-4A96-9494-D05DAE123EFF}
	EndGlobalSection
EndGlobal
